
Microsoft Visual Studio Solution File, Format Version 12.00
# Visual Studio 15
VisualStudioVersion = 15.0.25914.0
MinimumVisualStudioVersion = 10.0.40219.1
Project("{FAE04EC0-301F-11D3-BF4B-00C04F79EFBC}") = "TopTenChartTypes", "TopTenChartTypes\TopTenChartTypes.csproj", "{4A97EAC7-72C9-4342-A4BB-98F35528241F}"
EndProject
Project("{FAE04EC0-301F-11D3-BF4B-00C04F79EFBC}") = "TopTenChartTypes.Droid", "TopTenChartTypes.Droid\TopTenChartTypes.Droid.csproj", "{2BD838B8-7E7C-4AB8-B708-B2B03111FFF3}"
EndProject
Project("{FAE04EC0-301F-11D3-BF4B-00C04F79EFBC}") = "TopTenChartTypes.iOS", "TopTenChartTypes.iOS\TopTenChartTypes.iOS.csproj", "{A378D5BE-C061-487C-BC97-F4A6FC2ECEC9}"
EndProject
Project("{FAE04EC0-301F-11D3-BF4B-00C04F79EFBC}") = "TopTenChartTypes.UWP", "TopTenChartTypes.UWP\TopTenChartTypes.UWP.csproj", "{ACB7293F-DB3C-472B-94D4-C93C35B2DB64}"
EndProject
Global
	GlobalSection(SolutionConfigurationPlatforms) = preSolution
		Ad-Hoc|Any CPU = Ad-Hoc|Any CPU
		Ad-Hoc|ARM = Ad-Hoc|ARM
		Ad-Hoc|iPhone = Ad-Hoc|iPhone
		Ad-Hoc|iPhoneSimulator = Ad-Hoc|iPhoneSimulator
		Ad-Hoc|x64 = Ad-Hoc|x64
		Ad-Hoc|x86 = Ad-Hoc|x86
		AppStore|Any CPU = AppStore|Any CPU
		AppStore|ARM = AppStore|ARM
		AppStore|iPhone = AppStore|iPhone
		AppStore|iPhoneSimulator = AppStore|iPhoneSimulator
		AppStore|x64 = AppStore|x64
		AppStore|x86 = AppStore|x86
		Debug|Any CPU = Debug|Any CPU
		Debug|ARM = Debug|ARM
		Debug|iPhone = Debug|iPhone
		Debug|iPhoneSimulator = Debug|iPhoneSimulator
		Debug|x64 = Debug|x64
		Debug|x86 = Debug|x86
		Release|Any CPU = Release|Any CPU
		Release|ARM = Release|ARM
		Release|iPhone = Release|iPhone
		Release|iPhoneSimulator = Release|iPhoneSimulator
		Release|x64 = Release|x64
		Release|x86 = Release|x86
	EndGlobalSection
	GlobalSection(ProjectConfigurationPlatforms) = postSolution
		{4A97EAC7-72C9-4342-A4BB-98F35528241F}.Ad-Hoc|Any CPU.ActiveCfg = Release|Any CPU
		{4A97EAC7-72C9-4342-A4BB-98F35528241F}.Ad-Hoc|Any CPU.Build.0 = Release|Any CPU
		{4A97EAC7-72C9-4342-A4BB-98F35528241F}.Ad-Hoc|ARM.ActiveCfg = Release|Any CPU
		{4A97EAC7-72C9-4342-A4BB-98F35528241F}.Ad-Hoc|ARM.Build.0 = Release|Any CPU
		{4A97EAC7-72C9-4342-A4BB-98F35528241F}.Ad-Hoc|iPhone.ActiveCfg = Release|Any CPU
		{4A97EAC7-72C9-4342-A4BB-98F35528241F}.Ad-Hoc|iPhone.Build.0 = Release|Any CPU
		{4A97EAC7-72C9-4342-A4BB-98F35528241F}.Ad-Hoc|iPhoneSimulator.ActiveCfg = Release|Any CPU
		{4A97EAC7-72C9-4342-A4BB-98F35528241F}.Ad-Hoc|iPhoneSimulator.Build.0 = Release|Any CPU
		{4A97EAC7-72C9-4342-A4BB-98F35528241F}.Ad-Hoc|x64.ActiveCfg = Release|Any CPU
		{4A97EAC7-72C9-4342-A4BB-98F35528241F}.Ad-Hoc|x64.Build.0 = Release|Any CPU
		{4A97EAC7-72C9-4342-A4BB-98F35528241F}.Ad-Hoc|x86.ActiveCfg = Release|Any CPU
		{4A97EAC7-72C9-4342-A4BB-98F35528241F}.Ad-Hoc|x86.Build.0 = Release|Any CPU
		{4A97EAC7-72C9-4342-A4BB-98F35528241F}.AppStore|Any CPU.ActiveCfg = Release|Any CPU
		{4A97EAC7-72C9-4342-A4BB-98F35528241F}.AppStore|Any CPU.Build.0 = Release|Any CPU
		{4A97EAC7-72C9-4342-A4BB-98F35528241F}.AppStore|ARM.ActiveCfg = Release|Any CPU
		{4A97EAC7-72C9-4342-A4BB-98F35528241F}.AppStore|ARM.Build.0 = Release|Any CPU
		{4A97EAC7-72C9-4342-A4BB-98F35528241F}.AppStore|iPhone.ActiveCfg = Release|Any CPU
		{4A97EAC7-72C9-4342-A4BB-98F35528241F}.AppStore|iPhone.Build.0 = Release|Any CPU
		{4A97EAC7-72C9-4342-A4BB-98F35528241F}.AppStore|iPhoneSimulator.ActiveCfg = Release|Any CPU
		{4A97EAC7-72C9-4342-A4BB-98F35528241F}.AppStore|iPhoneSimulator.Build.0 = Release|Any CPU
		{4A97EAC7-72C9-4342-A4BB-98F35528241F}.AppStore|x64.ActiveCfg = Release|Any CPU
		{4A97EAC7-72C9-4342-A4BB-98F35528241F}.AppStore|x64.Build.0 = Release|Any CPU
		{4A97EAC7-72C9-4342-A4BB-98F35528241F}.AppStore|x86.ActiveCfg = Release|Any CPU
		{4A97EAC7-72C9-4342-A4BB-98F35528241F}.AppStore|x86.Build.0 = Release|Any CPU
		{4A97EAC7-72C9-4342-A4BB-98F35528241F}.Debug|Any CPU.ActiveCfg = Debug|Any CPU
		{4A97EAC7-72C9-4342-A4BB-98F35528241F}.Debug|Any CPU.Build.0 = Debug|Any CPU
		{4A97EAC7-72C9-4342-A4BB-98F35528241F}.Debug|ARM.ActiveCfg = Debug|Any CPU
		{4A97EAC7-72C9-4342-A4BB-98F35528241F}.Debug|ARM.Build.0 = Debug|Any CPU
		{4A97EAC7-72C9-4342-A4BB-98F35528241F}.Debug|iPhone.ActiveCfg = Debug|Any CPU
		{4A97EAC7-72C9-4342-A4BB-98F35528241F}.Debug|iPhone.Build.0 = Debug|Any CPU
		{4A97EAC7-72C9-4342-A4BB-98F35528241F}.Debug|iPhoneSimulator.ActiveCfg = Debug|Any CPU
		{4A97EAC7-72C9-4342-A4BB-98F35528241F}.Debug|iPhoneSimulator.Build.0 = Debug|Any CPU
		{4A97EAC7-72C9-4342-A4BB-98F35528241F}.Debug|x64.ActiveCfg = Debug|Any CPU
		{4A97EAC7-72C9-4342-A4BB-98F35528241F}.Debug|x64.Build.0 = Debug|Any CPU
		{4A97EAC7-72C9-4342-A4BB-98F35528241F}.Debug|x86.ActiveCfg = Debug|Any CPU
		{4A97EAC7-72C9-4342-A4BB-98F35528241F}.Debug|x86.Build.0 = Debug|Any CPU
		{4A97EAC7-72C9-4342-A4BB-98F35528241F}.Release|Any CPU.ActiveCfg = Release|Any CPU
		{4A97EAC7-72C9-4342-A4BB-98F35528241F}.Release|Any CPU.Build.0 = Release|Any CPU
		{4A97EAC7-72C9-4342-A4BB-98F35528241F}.Release|ARM.ActiveCfg = Release|Any CPU
		{4A97EAC7-72C9-4342-A4BB-98F35528241F}.Release|ARM.Build.0 = Release|Any CPU
		{4A97EAC7-72C9-4342-A4BB-98F35528241F}.Release|iPhone.ActiveCfg = Release|Any CPU
		{4A97EAC7-72C9-4342-A4BB-98F35528241F}.Release|iPhone.Build.0 = Release|Any CPU
		{4A97EAC7-72C9-4342-A4BB-98F35528241F}.Release|iPhoneSimulator.ActiveCfg = Release|Any CPU
		{4A97EAC7-72C9-4342-A4BB-98F35528241F}.Release|iPhoneSimulator.Build.0 = Release|Any CPU
		{4A97EAC7-72C9-4342-A4BB-98F35528241F}.Release|x64.ActiveCfg = Release|Any CPU
		{4A97EAC7-72C9-4342-A4BB-98F35528241F}.Release|x64.Build.0 = Release|Any CPU
		{4A97EAC7-72C9-4342-A4BB-98F35528241F}.Release|x86.ActiveCfg = Release|Any CPU
		{4A97EAC7-72C9-4342-A4BB-98F35528241F}.Release|x86.Build.0 = Release|Any CPU
		{2BD838B8-7E7C-4AB8-B708-B2B03111FFF3}.Ad-Hoc|Any CPU.ActiveCfg = Release|Any CPU
		{2BD838B8-7E7C-4AB8-B708-B2B03111FFF3}.Ad-Hoc|Any CPU.Build.0 = Release|Any CPU
		{2BD838B8-7E7C-4AB8-B708-B2B03111FFF3}.Ad-Hoc|Any CPU.Deploy.0 = Release|Any CPU
		{2BD838B8-7E7C-4AB8-B708-B2B03111FFF3}.Ad-Hoc|ARM.ActiveCfg = Release|Any CPU
		{2BD838B8-7E7C-4AB8-B708-B2B03111FFF3}.Ad-Hoc|ARM.Build.0 = Release|Any CPU
		{2BD838B8-7E7C-4AB8-B708-B2B03111FFF3}.Ad-Hoc|ARM.Deploy.0 = Release|Any CPU
		{2BD838B8-7E7C-4AB8-B708-B2B03111FFF3}.Ad-Hoc|iPhone.ActiveCfg = Release|Any CPU
		{2BD838B8-7E7C-4AB8-B708-B2B03111FFF3}.Ad-Hoc|iPhone.Build.0 = Release|Any CPU
		{2BD838B8-7E7C-4AB8-B708-B2B03111FFF3}.Ad-Hoc|iPhone.Deploy.0 = Release|Any CPU
		{2BD838B8-7E7C-4AB8-B708-B2B03111FFF3}.Ad-Hoc|iPhoneSimulator.ActiveCfg = Release|Any CPU
		{2BD838B8-7E7C-4AB8-B708-B2B03111FFF3}.Ad-Hoc|iPhoneSimulator.Build.0 = Release|Any CPU
		{2BD838B8-7E7C-4AB8-B708-B2B03111FFF3}.Ad-Hoc|iPhoneSimulator.Deploy.0 = Release|Any CPU
		{2BD838B8-7E7C-4AB8-B708-B2B03111FFF3}.Ad-Hoc|x64.ActiveCfg = Release|Any CPU
		{2BD838B8-7E7C-4AB8-B708-B2B03111FFF3}.Ad-Hoc|x64.Build.0 = Release|Any CPU
		{2BD838B8-7E7C-4AB8-B708-B2B03111FFF3}.Ad-Hoc|x64.Deploy.0 = Release|Any CPU
		{2BD838B8-7E7C-4AB8-B708-B2B03111FFF3}.Ad-Hoc|x86.ActiveCfg = Release|Any CPU
		{2BD838B8-7E7C-4AB8-B708-B2B03111FFF3}.Ad-Hoc|x86.Build.0 = Release|Any CPU
		{2BD838B8-7E7C-4AB8-B708-B2B03111FFF3}.Ad-Hoc|x86.Deploy.0 = Release|Any CPU
		{2BD838B8-7E7C-4AB8-B708-B2B03111FFF3}.AppStore|Any CPU.ActiveCfg = Release|Any CPU
		{2BD838B8-7E7C-4AB8-B708-B2B03111FFF3}.AppStore|Any CPU.Build.0 = Release|Any CPU
		{2BD838B8-7E7C-4AB8-B708-B2B03111FFF3}.AppStore|Any CPU.Deploy.0 = Release|Any CPU
		{2BD838B8-7E7C-4AB8-B708-B2B03111FFF3}.AppStore|ARM.ActiveCfg = Release|Any CPU
		{2BD838B8-7E7C-4AB8-B708-B2B03111FFF3}.AppStore|ARM.Build.0 = Release|Any CPU
		{2BD838B8-7E7C-4AB8-B708-B2B03111FFF3}.AppStore|ARM.Deploy.0 = Release|Any CPU
		{2BD838B8-7E7C-4AB8-B708-B2B03111FFF3}.AppStore|iPhone.ActiveCfg = Release|Any CPU
		{2BD838B8-7E7C-4AB8-B708-B2B03111FFF3}.AppStore|iPhone.Build.0 = Release|Any CPU
		{2BD838B8-7E7C-4AB8-B708-B2B03111FFF3}.AppStore|iPhone.Deploy.0 = Release|Any CPU
		{2BD838B8-7E7C-4AB8-B708-B2B03111FFF3}.AppStore|iPhoneSimulator.ActiveCfg = Release|Any CPU
		{2BD838B8-7E7C-4AB8-B708-B2B03111FFF3}.AppStore|iPhoneSimulator.Build.0 = Release|Any CPU
		{2BD838B8-7E7C-4AB8-B708-B2B03111FFF3}.AppStore|iPhoneSimulator.Deploy.0 = Release|Any CPU
		{2BD838B8-7E7C-4AB8-B708-B2B03111FFF3}.AppStore|x64.ActiveCfg = Release|Any CPU
		{2BD838B8-7E7C-4AB8-B708-B2B03111FFF3}.AppStore|x64.Build.0 = Release|Any CPU
		{2BD838B8-7E7C-4AB8-B708-B2B03111FFF3}.AppStore|x64.Deploy.0 = Release|Any CPU
		{2BD838B8-7E7C-4AB8-B708-B2B03111FFF3}.AppStore|x86.ActiveCfg = Release|Any CPU
		{2BD838B8-7E7C-4AB8-B708-B2B03111FFF3}.AppStore|x86.Build.0 = Release|Any CPU
		{2BD838B8-7E7C-4AB8-B708-B2B03111FFF3}.AppStore|x86.Deploy.0 = Release|Any CPU
		{2BD838B8-7E7C-4AB8-B708-B2B03111FFF3}.Debug|Any CPU.ActiveCfg = Debug|Any CPU
		{2BD838B8-7E7C-4AB8-B708-B2B03111FFF3}.Debug|Any CPU.Build.0 = Debug|Any CPU
		{2BD838B8-7E7C-4AB8-B708-B2B03111FFF3}.Debug|Any CPU.Deploy.0 = Debug|Any CPU
		{2BD838B8-7E7C-4AB8-B708-B2B03111FFF3}.Debug|ARM.ActiveCfg = Debug|Any CPU
		{2BD838B8-7E7C-4AB8-B708-B2B03111FFF3}.Debug|ARM.Build.0 = Debug|Any CPU
		{2BD838B8-7E7C-4AB8-B708-B2B03111FFF3}.Debug|ARM.Deploy.0 = Debug|Any CPU
		{2BD838B8-7E7C-4AB8-B708-B2B03111FFF3}.Debug|iPhone.ActiveCfg = Debug|Any CPU
		{2BD838B8-7E7C-4AB8-B708-B2B03111FFF3}.Debug|iPhone.Build.0 = Debug|Any CPU
		{2BD838B8-7E7C-4AB8-B708-B2B03111FFF3}.Debug|iPhone.Deploy.0 = Debug|Any CPU
		{2BD838B8-7E7C-4AB8-B708-B2B03111FFF3}.Debug|iPhoneSimulator.ActiveCfg = Debug|Any CPU
		{2BD838B8-7E7C-4AB8-B708-B2B03111FFF3}.Debug|iPhoneSimulator.Build.0 = Debug|Any CPU
		{2BD838B8-7E7C-4AB8-B708-B2B03111FFF3}.Debug|iPhoneSimulator.Deploy.0 = Debug|Any CPU
		{2BD838B8-7E7C-4AB8-B708-B2B03111FFF3}.Debug|x64.ActiveCfg = Debug|Any CPU
		{2BD838B8-7E7C-4AB8-B708-B2B03111FFF3}.Debug|x64.Build.0 = Debug|Any CPU
		{2BD838B8-7E7C-4AB8-B708-B2B03111FFF3}.Debug|x64.Deploy.0 = Debug|Any CPU
		{2BD838B8-7E7C-4AB8-B708-B2B03111FFF3}.Debug|x86.ActiveCfg = Debug|Any CPU
		{2BD838B8-7E7C-4AB8-B708-B2B03111FFF3}.Debug|x86.Build.0 = Debug|Any CPU
		{2BD838B8-7E7C-4AB8-B708-B2B03111FFF3}.Debug|x86.Deploy.0 = Debug|Any CPU
		{2BD838B8-7E7C-4AB8-B708-B2B03111FFF3}.Release|Any CPU.ActiveCfg = Release|Any CPU
		{2BD838B8-7E7C-4AB8-B708-B2B03111FFF3}.Release|Any CPU.Build.0 = Release|Any CPU
		{2BD838B8-7E7C-4AB8-B708-B2B03111FFF3}.Release|Any CPU.Deploy.0 = Release|Any CPU
		{2BD838B8-7E7C-4AB8-B708-B2B03111FFF3}.Release|ARM.ActiveCfg = Release|Any CPU
		{2BD838B8-7E7C-4AB8-B708-B2B03111FFF3}.Release|ARM.Build.0 = Release|Any CPU
		{2BD838B8-7E7C-4AB8-B708-B2B03111FFF3}.Release|ARM.Deploy.0 = Release|Any CPU
		{2BD838B8-7E7C-4AB8-B708-B2B03111FFF3}.Release|iPhone.ActiveCfg = Release|Any CPU
		{2BD838B8-7E7C-4AB8-B708-B2B03111FFF3}.Release|iPhone.Build.0 = Release|Any CPU
		{2BD838B8-7E7C-4AB8-B708-B2B03111FFF3}.Release|iPhone.Deploy.0 = Release|Any CPU
		{2BD838B8-7E7C-4AB8-B708-B2B03111FFF3}.Release|iPhoneSimulator.ActiveCfg = Release|Any CPU
		{2BD838B8-7E7C-4AB8-B708-B2B03111FFF3}.Release|iPhoneSimulator.Build.0 = Release|Any CPU
		{2BD838B8-7E7C-4AB8-B708-B2B03111FFF3}.Release|iPhoneSimulator.Deploy.0 = Release|Any CPU
		{2BD838B8-7E7C-4AB8-B708-B2B03111FFF3}.Release|x64.ActiveCfg = Release|Any CPU
		{2BD838B8-7E7C-4AB8-B708-B2B03111FFF3}.Release|x64.Build.0 = Release|Any CPU
		{2BD838B8-7E7C-4AB8-B708-B2B03111FFF3}.Release|x64.Deploy.0 = Release|Any CPU
		{2BD838B8-7E7C-4AB8-B708-B2B03111FFF3}.Release|x86.ActiveCfg = Release|Any CPU
		{2BD838B8-7E7C-4AB8-B708-B2B03111FFF3}.Release|x86.Build.0 = Release|Any CPU
		{2BD838B8-7E7C-4AB8-B708-B2B03111FFF3}.Release|x86.Deploy.0 = Release|Any CPU
		{A378D5BE-C061-487C-BC97-F4A6FC2ECEC9}.Ad-Hoc|Any CPU.ActiveCfg = Ad-Hoc|iPhone
		{A378D5BE-C061-487C-BC97-F4A6FC2ECEC9}.Ad-Hoc|ARM.ActiveCfg = Ad-Hoc|iPhone
		{A378D5BE-C061-487C-BC97-F4A6FC2ECEC9}.Ad-Hoc|iPhone.ActiveCfg = Ad-Hoc|iPhone
		{A378D5BE-C061-487C-BC97-F4A6FC2ECEC9}.Ad-Hoc|iPhone.Build.0 = Ad-Hoc|iPhone
		{A378D5BE-C061-487C-BC97-F4A6FC2ECEC9}.Ad-Hoc|iPhoneSimulator.ActiveCfg = Ad-Hoc|iPhoneSimulator
		{A378D5BE-C061-487C-BC97-F4A6FC2ECEC9}.Ad-Hoc|iPhoneSimulator.Build.0 = Ad-Hoc|iPhoneSimulator
		{A378D5BE-C061-487C-BC97-F4A6FC2ECEC9}.Ad-Hoc|x64.ActiveCfg = Ad-Hoc|iPhone
		{A378D5BE-C061-487C-BC97-F4A6FC2ECEC9}.Ad-Hoc|x86.ActiveCfg = Ad-Hoc|iPhone
		{A378D5BE-C061-487C-BC97-F4A6FC2ECEC9}.AppStore|Any CPU.ActiveCfg = AppStore|iPhone
		{A378D5BE-C061-487C-BC97-F4A6FC2ECEC9}.AppStore|ARM.ActiveCfg = AppStore|iPhone
		{A378D5BE-C061-487C-BC97-F4A6FC2ECEC9}.AppStore|iPhone.ActiveCfg = AppStore|iPhone
		{A378D5BE-C061-487C-BC97-F4A6FC2ECEC9}.AppStore|iPhone.Build.0 = AppStore|iPhone
		{A378D5BE-C061-487C-BC97-F4A6FC2ECEC9}.AppStore|iPhoneSimulator.ActiveCfg = AppStore|iPhoneSimulator
		{A378D5BE-C061-487C-BC97-F4A6FC2ECEC9}.AppStore|iPhoneSimulator.Build.0 = AppStore|iPhoneSimulator
		{A378D5BE-C061-487C-BC97-F4A6FC2ECEC9}.AppStore|x64.ActiveCfg = AppStore|iPhone
		{A378D5BE-C061-487C-BC97-F4A6FC2ECEC9}.AppStore|x86.ActiveCfg = AppStore|iPhone
		{A378D5BE-C061-487C-BC97-F4A6FC2ECEC9}.Debug|Any CPU.ActiveCfg = Debug|iPhone
		{A378D5BE-C061-487C-BC97-F4A6FC2ECEC9}.Debug|Any CPU.Build.0 = Debug|iPhone
		{A378D5BE-C061-487C-BC97-F4A6FC2ECEC9}.Debug|ARM.ActiveCfg = Debug|iPhone
		{A378D5BE-C061-487C-BC97-F4A6FC2ECEC9}.Debug|iPhone.ActiveCfg = Debug|iPhone
		{A378D5BE-C061-487C-BC97-F4A6FC2ECEC9}.Debug|iPhone.Build.0 = Debug|iPhone
		{A378D5BE-C061-487C-BC97-F4A6FC2ECEC9}.Debug|iPhoneSimulator.ActiveCfg = Debug|iPhoneSimulator
		{A378D5BE-C061-487C-BC97-F4A6FC2ECEC9}.Debug|iPhoneSimulator.Build.0 = Debug|iPhoneSimulator
		{A378D5BE-C061-487C-BC97-F4A6FC2ECEC9}.Debug|x64.ActiveCfg = Debug|iPhone
		{A378D5BE-C061-487C-BC97-F4A6FC2ECEC9}.Debug|x86.ActiveCfg = Debug|iPhone
		{A378D5BE-C061-487C-BC97-F4A6FC2ECEC9}.Release|Any CPU.ActiveCfg = Release|iPhone
		{A378D5BE-C061-487C-BC97-F4A6FC2ECEC9}.Release|ARM.ActiveCfg = Release|iPhone
		{A378D5BE-C061-487C-BC97-F4A6FC2ECEC9}.Release|iPhone.ActiveCfg = Release|iPhone
		{A378D5BE-C061-487C-BC97-F4A6FC2ECEC9}.Release|iPhone.Build.0 = Release|iPhone
		{A378D5BE-C061-487C-BC97-F4A6FC2ECEC9}.Release|iPhoneSimulator.ActiveCfg = Release|iPhoneSimulator
		{A378D5BE-C061-487C-BC97-F4A6FC2ECEC9}.Release|iPhoneSimulator.Build.0 = Release|iPhoneSimulator
		{A378D5BE-C061-487C-BC97-F4A6FC2ECEC9}.Release|x64.ActiveCfg = Release|iPhone
		{A378D5BE-C061-487C-BC97-F4A6FC2ECEC9}.Release|x86.ActiveCfg = Release|iPhone
		{ACB7293F-DB3C-472B-94D4-C93C35B2DB64}.Ad-Hoc|Any CPU.ActiveCfg = Release|x86
		{ACB7293F-DB3C-472B-94D4-C93C35B2DB64}.Ad-Hoc|Any CPU.Build.0 = Release|x86
		{ACB7293F-DB3C-472B-94D4-C93C35B2DB64}.Ad-Hoc|Any CPU.Deploy.0 = Release|x86
		{ACB7293F-DB3C-472B-94D4-C93C35B2DB64}.Ad-Hoc|ARM.ActiveCfg = Release|ARM
		{ACB7293F-DB3C-472B-94D4-C93C35B2DB64}.Ad-Hoc|ARM.Build.0 = Release|ARM
		{ACB7293F-DB3C-472B-94D4-C93C35B2DB64}.Ad-Hoc|ARM.Deploy.0 = Release|ARM
		{ACB7293F-DB3C-472B-94D4-C93C35B2DB64}.Ad-Hoc|iPhone.ActiveCfg = Release|x86
		{ACB7293F-DB3C-472B-94D4-C93C35B2DB64}.Ad-Hoc|iPhone.Build.0 = Release|x86
		{ACB7293F-DB3C-472B-94D4-C93C35B2DB64}.Ad-Hoc|iPhone.Deploy.0 = Release|x86
		{ACB7293F-DB3C-472B-94D4-C93C35B2DB64}.Ad-Hoc|iPhoneSimulator.ActiveCfg = Release|x86
		{ACB7293F-DB3C-472B-94D4-C93C35B2DB64}.Ad-Hoc|iPhoneSimulator.Build.0 = Release|x86
		{ACB7293F-DB3C-472B-94D4-C93C35B2DB64}.Ad-Hoc|iPhoneSimulator.Deploy.0 = Release|x86
		{ACB7293F-DB3C-472B-94D4-C93C35B2DB64}.Ad-Hoc|x64.ActiveCfg = Release|x64
		{ACB7293F-DB3C-472B-94D4-C93C35B2DB64}.Ad-Hoc|x64.Build.0 = Release|x64
		{ACB7293F-DB3C-472B-94D4-C93C35B2DB64}.Ad-Hoc|x64.Deploy.0 = Release|x64
		{ACB7293F-DB3C-472B-94D4-C93C35B2DB64}.Ad-Hoc|x86.ActiveCfg = Release|x86
		{ACB7293F-DB3C-472B-94D4-C93C35B2DB64}.Ad-Hoc|x86.Build.0 = Release|x86
		{ACB7293F-DB3C-472B-94D4-C93C35B2DB64}.Ad-Hoc|x86.Deploy.0 = Release|x86
		{ACB7293F-DB3C-472B-94D4-C93C35B2DB64}.AppStore|Any CPU.ActiveCfg = Release|x86
		{ACB7293F-DB3C-472B-94D4-C93C35B2DB64}.AppStore|Any CPU.Build.0 = Release|x86
		{ACB7293F-DB3C-472B-94D4-C93C35B2DB64}.AppStore|Any CPU.Deploy.0 = Release|x86
		{ACB7293F-DB3C-472B-94D4-C93C35B2DB64}.AppStore|ARM.ActiveCfg = Release|ARM
		{ACB7293F-DB3C-472B-94D4-C93C35B2DB64}.AppStore|ARM.Build.0 = Release|ARM
		{ACB7293F-DB3C-472B-94D4-C93C35B2DB64}.AppStore|ARM.Deploy.0 = Release|ARM
		{ACB7293F-DB3C-472B-94D4-C93C35B2DB64}.AppStore|iPhone.ActiveCfg = Release|x86
		{ACB7293F-DB3C-472B-94D4-C93C35B2DB64}.AppStore|iPhone.Build.0 = Release|x86
		{ACB7293F-DB3C-472B-94D4-C93C35B2DB64}.AppStore|iPhone.Deploy.0 = Release|x86
		{ACB7293F-DB3C-472B-94D4-C93C35B2DB64}.AppStore|iPhoneSimulator.ActiveCfg = Release|x86
		{ACB7293F-DB3C-472B-94D4-C93C35B2DB64}.AppStore|iPhoneSimulator.Build.0 = Release|x86
		{ACB7293F-DB3C-472B-94D4-C93C35B2DB64}.AppStore|iPhoneSimulator.Deploy.0 = Release|x86
		{ACB7293F-DB3C-472B-94D4-C93C35B2DB64}.AppStore|x64.ActiveCfg = Release|x64
		{ACB7293F-DB3C-472B-94D4-C93C35B2DB64}.AppStore|x64.Build.0 = Release|x64
		{ACB7293F-DB3C-472B-94D4-C93C35B2DB64}.AppStore|x64.Deploy.0 = Release|x64
		{ACB7293F-DB3C-472B-94D4-C93C35B2DB64}.AppStore|x86.ActiveCfg = Release|x86
		{ACB7293F-DB3C-472B-94D4-C93C35B2DB64}.AppStore|x86.Build.0 = Release|x86
		{ACB7293F-DB3C-472B-94D4-C93C35B2DB64}.AppStore|x86.Deploy.0 = Release|x86
		{ACB7293F-DB3C-472B-94D4-C93C35B2DB64}.Debug|Any CPU.ActiveCfg = Debug|x86
		{ACB7293F-DB3C-472B-94D4-C93C35B2DB64}.Debug|Any CPU.Build.0 = Debug|x86
		{ACB7293F-DB3C-472B-94D4-C93C35B2DB64}.Debug|ARM.ActiveCfg = Debug|ARM
		{ACB7293F-DB3C-472B-94D4-C93C35B2DB64}.Debug|ARM.Build.0 = Debug|ARM
		{ACB7293F-DB3C-472B-94D4-C93C35B2DB64}.Debug|ARM.Deploy.0 = Debug|ARM
		{ACB7293F-DB3C-472B-94D4-C93C35B2DB64}.Debug|iPhone.ActiveCfg = Debug|x86
		{ACB7293F-DB3C-472B-94D4-C93C35B2DB64}.Debug|iPhoneSimulator.ActiveCfg = Debug|x86
		{ACB7293F-DB3C-472B-94D4-C93C35B2DB64}.Debug|x64.ActiveCfg = Debug|x64
		{ACB7293F-DB3C-472B-94D4-C93C35B2DB64}.Debug|x64.Build.0 = Debug|x64
		{ACB7293F-DB3C-472B-94D4-C93C35B2DB64}.Debug|x64.Deploy.0 = Debug|x64
		{ACB7293F-DB3C-472B-94D4-C93C35B2DB64}.Debug|x86.ActiveCfg = Debug|x86
		{ACB7293F-DB3C-472B-94D4-C93C35B2DB64}.Debug|x86.Build.0 = Debug|x86
		{ACB7293F-DB3C-472B-94D4-C93C35B2DB64}.Debug|x86.Deploy.0 = Debug|x86
		{ACB7293F-DB3C-472B-94D4-C93C35B2DB64}.Release|Any CPU.ActiveCfg = Release|x86
		{ACB7293F-DB3C-472B-94D4-C93C35B2DB64}.Release|ARM.ActiveCfg = Release|ARM
		{ACB7293F-DB3C-472B-94D4-C93C35B2DB64}.Release|ARM.Build.0 = Release|ARM
		{ACB7293F-DB3C-472B-94D4-C93C35B2DB64}.Release|ARM.Deploy.0 = Release|ARM
		{ACB7293F-DB3C-472B-94D4-C93C35B2DB64}.Release|iPhone.ActiveCfg = Release|x86
		{ACB7293F-DB3C-472B-94D4-C93C35B2DB64}.Release|iPhoneSimulator.ActiveCfg = Release|x86
		{ACB7293F-DB3C-472B-94D4-C93C35B2DB64}.Release|x64.ActiveCfg = Release|x64
		{ACB7293F-DB3C-472B-94D4-C93C35B2DB64}.Release|x64.Build.0 = Release|x64
		{ACB7293F-DB3C-472B-94D4-C93C35B2DB64}.Release|x64.Deploy.0 = Release|x64
		{ACB7293F-DB3C-472B-94D4-C93C35B2DB64}.Release|x86.ActiveCfg = Release|x86
		{ACB7293F-DB3C-472B-94D4-C93C35B2DB64}.Release|x86.Build.0 = Release|x86
		{ACB7293F-DB3C-472B-94D4-C93C35B2DB64}.Release|x86.Deploy.0 = Release|x86
	EndGlobalSection
	GlobalSection(SolutionProperties) = preSolution
		HideSolutionNode = FALSE
	EndGlobalSection
EndGlobal
